
Microsoft Visual Studio Solution File, Format Version 12.00
# Visual Studio Version 16
VisualStudioVersion = 16.0.30907.101
MinimumVisualStudioVersion = 10.0.40219.1
Project("{FAE04EC0-301F-11D3-BF4B-00C04F79EFBC}") = "ElectrodZDeathmatch", "ElectrodZDeathmatch\ElectrodZDeathmatch.csproj", "{5278B05B-043A-467E-B74B-C68B7DAD2D62}"
EndProject
Global
	GlobalSection(SolutionConfigurationPlatforms) = preSolution
		Debug|Any CPU = Debug|Any CPU
		Debug|x64 = Debug|x64
		Release|Any CPU = Release|Any CPU
		Release|x64 = Release|x64
	EndGlobalSection
	GlobalSection(ProjectConfigurationPlatforms) = postSolution
		{5278B05B-043A-467E-B74B-C68B7DAD2D62}.Debug|Any CPU.ActiveCfg = Debug|Any CPU
		{5278B05B-043A-467E-B74B-C68B7DAD2D62}.Debug|Any CPU.Build.0 = Debug|Any CPU
		{5278B05B-043A-467E-B74B-C68B7DAD2D62}.Debug|x64.ActiveCfg = Debug|x64
		{5278B05B-043A-467E-B74B-C68B7DAD2D62}.Debug|x64.Build.0 = Debug|x64
		{5278B05B-043A-467E-B74B-C68B7DAD2D62}.Release|Any CPU.ActiveCfg = Release|Any CPU
		{5278B05B-043A-467E-B74B-C68B7DAD2D62}.Release|Any CPU.Build.0 = Release|Any CPU
		{5278B05B-043A-467E-B74B-C68B7DAD2D62}.Release|x64.ActiveCfg = Release|x64
		{5278B05B-043A-467E-B74B-C68B7DAD2D62}.Release|x64.Build.0 = Release|x64
	EndGlobalSection
	GlobalSection(SolutionProperties) = preSolution
		HideSolutionNode = FALSE
	EndGlobalSection
	GlobalSection(ExtensibilityGlobals) = postSolution
		SolutionGuid = {CB55F091-8E28-49D9-A083-3268CD53AEA6}
	EndGlobalSection
EndGlobal
